
Microsoft Visual Studio Solution File, Format Version 12.00
# Visual Studio Version 17
VisualStudioVersion = 17.10.34902.84
MinimumVisualStudioVersion = 10.0.40219.1
Project("{9A19103F-16F7-4668-BE54-9A1E7A4F7556}") = "ShowMeTheGoods", "ShowMeTheGoods.csproj", "{D631C9B2-EE9C-4980-8982-250043A6BCB1}"
EndProject
Global
	GlobalSection(SolutionConfigurationPlatforms) = preSolution
		Debug|Any CPU = Debug|Any CPU
		Release|Any CPU = Release|Any CPU
	EndGlobalSection
	GlobalSection(ProjectConfigurationPlatforms) = postSolution
		{D631C9B2-EE9C-4980-8982-250043A6BCB1}.Debug|Any CPU.ActiveCfg = Debug|Any CPU
		{D631C9B2-EE9C-4980-8982-250043A6BCB1}.Debug|Any CPU.Build.0 = Debug|Any CPU
		{D631C9B2-EE9C-4980-8982-250043A6BCB1}.Release|Any CPU.ActiveCfg = Release|Any CPU
		{D631C9B2-EE9C-4980-8982-250043A6BCB1}.Release|Any CPU.Build.0 = Release|Any CPU
	EndGlobalSection
	GlobalSection(SolutionProperties) = preSolution
		HideSolutionNode = FALSE
	EndGlobalSection
	GlobalSection(ExtensibilityGlobals) = postSolution
		SolutionGuid = {D4AC1D67-EEE9-4A77-92AF-1C95C2F18E62}
	EndGlobalSection
EndGlobal
